
Microsoft Visual Studio Solution File, Format Version 12.00
# Visual Studio Version 16
VisualStudioVersion = 16.0.30717.126
MinimumVisualStudioVersion = 10.0.40219.1
Project("{FAE04EC0-301F-11D3-BF4B-00C04F79EFBC}") = "MovieSearch", "MovieSearch\MovieSearch.csproj", "{0CBAD485-A7A2-4FE7-B1D0-2EFE430FED71}"
EndProject
Global
	GlobalSection(SolutionConfigurationPlatforms) = preSolution
		Debug|Any CPU = Debug|Any CPU
		Release|Any CPU = Release|Any CPU
	EndGlobalSection
	GlobalSection(ProjectConfigurationPlatforms) = postSolution
		{0CBAD485-A7A2-4FE7-B1D0-2EFE430FED71}.Debug|Any CPU.ActiveCfg = Debug|Any CPU
		{0CBAD485-A7A2-4FE7-B1D0-2EFE430FED71}.Debug|Any CPU.Build.0 = Debug|Any CPU
		{0CBAD485-A7A2-4FE7-B1D0-2EFE430FED71}.Release|Any CPU.ActiveCfg = Release|Any CPU
		{0CBAD485-A7A2-4FE7-B1D0-2EFE430FED71}.Release|Any CPU.Build.0 = Release|Any CPU
	EndGlobalSection
	GlobalSection(SolutionProperties) = preSolution
		HideSolutionNode = FALSE
	EndGlobalSection
	GlobalSection(ExtensibilityGlobals) = postSolution
		SolutionGuid = {95F53D39-A16A-47C3-AAC7-DC8ADDD16237}
	EndGlobalSection
EndGlobal
